
Microsoft Visual Studio Solution File, Format Version 12.00
# Visual Studio Version 17
VisualStudioVersion = 17.1.32210.238
MinimumVisualStudioVersion = 10.0.40219.1
Project("{FAE04EC0-301F-11D3-BF4B-00C04F79EFBC}") = "JiraToolsTest", "JiraToolsTest\JiraToolsTest.csproj", "{3D2EFE61-E7AE-4765-9341-DB7D56FA5B26}"
EndProject
Project("{FAE04EC0-301F-11D3-BF4B-00C04F79EFBC}") = "JiraTools", "JiraTools\JiraTools.csproj", "{D089F776-B54C-4E4C-A1A1-642FFEBC9DA0}"
EndProject
Project("{FAE04EC0-301F-11D3-BF4B-00C04F79EFBC}") = "GeminiTools", "GeminiTools\GeminiTools.csproj", "{E0C684EB-4D0F-4B6B-985F-F6264BC47C6E}"
EndProject
Project("{FAE04EC0-301F-11D3-BF4B-00C04F79EFBC}") = "GeminiToolsTest", "GeminiToolsTest\GeminiToolsTest.csproj", "{6B7DE0D7-A94E-462F-BE95-27E63968F8B8}"
EndProject
Project("{FAE04EC0-301F-11D3-BF4B-00C04F79EFBC}") = "AlfrescoTools", "AlfrescoTools\AlfrescoTools.csproj", "{48BCEB5B-0243-49F4-84C5-F469E2D2658E}"
EndProject
Project("{FAE04EC0-301F-11D3-BF4B-00C04F79EFBC}") = "AlfrescoToolsTest", "AlfrescoToolsTest\AlfrescoToolsTest.csproj", "{3F4BA9BC-B5C4-4C99-9602-8525683304D0}"
EndProject
Project("{9A19103F-16F7-4668-BE54-9A1E7A4F7556}") = "SvnToJira", "SvnToJira\SvnToJira.csproj", "{89575B58-69F2-4FBB-A42A-BF5F9FCFC2B1}"
EndProject
Project("{FAE04EC0-301F-11D3-BF4B-00C04F79EFBC}") = "SvnTools", "SvnTools\SvnTools.csproj", "{F05990C0-A6D7-4F7B-9D1E-E82EBF308973}"
EndProject
Project("{2150E333-8FDC-42A3-9474-1A3956D46DE8}") = "Test", "Test", "{68DE191B-C371-4BF7-8873-9BC3E3089FCA}"
EndProject
Project("{FAE04EC0-301F-11D3-BF4B-00C04F79EFBC}") = "SvnToolsTest", "SvnToolsTest\SvnToolsTest.csproj", "{63825A91-8FB1-4757-B6A0-E3B3ABDF64A8}"
EndProject
Project("{2150E333-8FDC-42A3-9474-1A3956D46DE8}") = "CDTools", "CDTools", "{6E430363-B19F-452C-8AAC-95F84C296C84}"
EndProject
Project("{FAE04EC0-301F-11D3-BF4B-00C04F79EFBC}") = "GeminiIssueProducer", "GeminiIssueProducer\GeminiIssueProducer.csproj", "{BBD8FFBF-28E9-4787-9AED-B35A992A426E}"
EndProject
Project("{FAE04EC0-301F-11D3-BF4B-00C04F79EFBC}") = "ProcessLauncher", "ProcessLauncher\ProcessLauncher\ProcessLauncher.csproj", "{BB4D8FFF-AFBE-447E-B22F-1B77DF00927E}"
EndProject
Project("{FAE04EC0-301F-11D3-BF4B-00C04F79EFBC}") = "TCALauncher", "TCALauncher\TCALauncher.csproj", "{3949573A-D362-4BCB-9D1A-DCD013F88932}"
EndProject
Project("{FAE04EC0-301F-11D3-BF4B-00C04F79EFBC}") = "TrxerConsole", "trxer-1.0.0.2\TrxerConsole\TrxerConsole.csproj", "{48849461-6971-4B2B-8FC6-FBDD3E8ADBFA}"
EndProject
Project("{FAE04EC0-301F-11D3-BF4B-00C04F79EFBC}") = "JiraIssueProducer", "JiraIssueProducer\JiraIssueProducer.csproj", "{A0689BDF-D08B-4936-B593-AED21F1A08DC}"
EndProject
Project("{9A19103F-16F7-4668-BE54-9A1E7A4F7556}") = "SvnToJiraTest", "Test\SvnToJira\SvnToJiraTest.csproj", "{422E4737-EEF8-496C-BA73-6453695BBD82}"
EndProject
Project("{2150E333-8FDC-42A3-9474-1A3956D46DE8}") = "Connectors", "Connectors", "{9E95872C-45A7-4359-8DA9-6EFFAFF0B253}"
EndProject
Project("{9A19103F-16F7-4668-BE54-9A1E7A4F7556}") = "KpiEngine", "KpiEngine\KpiEngine.csproj", "{CE6F15F2-6A74-419E-8C1F-BF82D2E22860}"
EndProject
Project("{2150E333-8FDC-42A3-9474-1A3956D46DE8}") = "Utilities", "Utilities", "{0123D06F-EBCB-4B8D-A773-CFF27C9E59FB}"
EndProject
Project("{9A19103F-16F7-4668-BE54-9A1E7A4F7556}") = "QDToolsUtilities", "QDToolsUtilities\QDToolsUtilities.csproj", "{E5E54D34-C719-4A56-BB5C-7238AEBE546C}"
EndProject
Project("{FAE04EC0-301F-11D3-BF4B-00C04F79EFBC}") = "ElasticTools", "ElasticTools\ElasticTools.csproj", "{B88B2D82-75F3-4CBA-AD31-40D3B6059F3D}"
EndProject
Global
	GlobalSection(SolutionConfigurationPlatforms) = preSolution
		Debug|Any CPU = Debug|Any CPU
		Release|Any CPU = Release|Any CPU
	EndGlobalSection
	GlobalSection(ProjectConfigurationPlatforms) = postSolution
		{3D2EFE61-E7AE-4765-9341-DB7D56FA5B26}.Debug|Any CPU.ActiveCfg = Debug|Any CPU
		{3D2EFE61-E7AE-4765-9341-DB7D56FA5B26}.Debug|Any CPU.Build.0 = Debug|Any CPU
		{3D2EFE61-E7AE-4765-9341-DB7D56FA5B26}.Release|Any CPU.ActiveCfg = Release|Any CPU
		{3D2EFE61-E7AE-4765-9341-DB7D56FA5B26}.Release|Any CPU.Build.0 = Release|Any CPU
		{D089F776-B54C-4E4C-A1A1-642FFEBC9DA0}.Debug|Any CPU.ActiveCfg = Debug|Any CPU
		{D089F776-B54C-4E4C-A1A1-642FFEBC9DA0}.Debug|Any CPU.Build.0 = Debug|Any CPU
		{D089F776-B54C-4E4C-A1A1-642FFEBC9DA0}.Release|Any CPU.ActiveCfg = Release|Any CPU
		{D089F776-B54C-4E4C-A1A1-642FFEBC9DA0}.Release|Any CPU.Build.0 = Release|Any CPU
		{E0C684EB-4D0F-4B6B-985F-F6264BC47C6E}.Debug|Any CPU.ActiveCfg = Debug|Any CPU
		{E0C684EB-4D0F-4B6B-985F-F6264BC47C6E}.Debug|Any CPU.Build.0 = Debug|Any CPU
		{E0C684EB-4D0F-4B6B-985F-F6264BC47C6E}.Release|Any CPU.ActiveCfg = Release|Any CPU
		{E0C684EB-4D0F-4B6B-985F-F6264BC47C6E}.Release|Any CPU.Build.0 = Release|Any CPU
		{6B7DE0D7-A94E-462F-BE95-27E63968F8B8}.Debug|Any CPU.ActiveCfg = Debug|Any CPU
		{6B7DE0D7-A94E-462F-BE95-27E63968F8B8}.Debug|Any CPU.Build.0 = Debug|Any CPU
		{6B7DE0D7-A94E-462F-BE95-27E63968F8B8}.Release|Any CPU.ActiveCfg = Release|Any CPU
		{6B7DE0D7-A94E-462F-BE95-27E63968F8B8}.Release|Any CPU.Build.0 = Release|Any CPU
		{48BCEB5B-0243-49F4-84C5-F469E2D2658E}.Debug|Any CPU.ActiveCfg = Debug|Any CPU
		{48BCEB5B-0243-49F4-84C5-F469E2D2658E}.Debug|Any CPU.Build.0 = Debug|Any CPU
		{48BCEB5B-0243-49F4-84C5-F469E2D2658E}.Release|Any CPU.ActiveCfg = Release|Any CPU
		{48BCEB5B-0243-49F4-84C5-F469E2D2658E}.Release|Any CPU.Build.0 = Release|Any CPU
		{3F4BA9BC-B5C4-4C99-9602-8525683304D0}.Debug|Any CPU.ActiveCfg = Debug|Any CPU
		{3F4BA9BC-B5C4-4C99-9602-8525683304D0}.Debug|Any CPU.Build.0 = Debug|Any CPU
		{3F4BA9BC-B5C4-4C99-9602-8525683304D0}.Release|Any CPU.ActiveCfg = Release|Any CPU
		{3F4BA9BC-B5C4-4C99-9602-8525683304D0}.Release|Any CPU.Build.0 = Release|Any CPU
		{89575B58-69F2-4FBB-A42A-BF5F9FCFC2B1}.Debug|Any CPU.ActiveCfg = Debug|Any CPU
		{89575B58-69F2-4FBB-A42A-BF5F9FCFC2B1}.Debug|Any CPU.Build.0 = Debug|Any CPU
		{89575B58-69F2-4FBB-A42A-BF5F9FCFC2B1}.Release|Any CPU.ActiveCfg = Release|Any CPU
		{89575B58-69F2-4FBB-A42A-BF5F9FCFC2B1}.Release|Any CPU.Build.0 = Release|Any CPU
		{F05990C0-A6D7-4F7B-9D1E-E82EBF308973}.Debug|Any CPU.ActiveCfg = Debug|Any CPU
		{F05990C0-A6D7-4F7B-9D1E-E82EBF308973}.Debug|Any CPU.Build.0 = Debug|Any CPU
		{F05990C0-A6D7-4F7B-9D1E-E82EBF308973}.Release|Any CPU.ActiveCfg = Release|Any CPU
		{F05990C0-A6D7-4F7B-9D1E-E82EBF308973}.Release|Any CPU.Build.0 = Release|Any CPU
		{63825A91-8FB1-4757-B6A0-E3B3ABDF64A8}.Debug|Any CPU.ActiveCfg = Debug|Any CPU
		{63825A91-8FB1-4757-B6A0-E3B3ABDF64A8}.Debug|Any CPU.Build.0 = Debug|Any CPU
		{63825A91-8FB1-4757-B6A0-E3B3ABDF64A8}.Release|Any CPU.ActiveCfg = Release|Any CPU
		{63825A91-8FB1-4757-B6A0-E3B3ABDF64A8}.Release|Any CPU.Build.0 = Release|Any CPU
		{BBD8FFBF-28E9-4787-9AED-B35A992A426E}.Debug|Any CPU.ActiveCfg = Debug|Any CPU
		{BBD8FFBF-28E9-4787-9AED-B35A992A426E}.Debug|Any CPU.Build.0 = Debug|Any CPU
		{BBD8FFBF-28E9-4787-9AED-B35A992A426E}.Release|Any CPU.ActiveCfg = Release|Any CPU
		{BBD8FFBF-28E9-4787-9AED-B35A992A426E}.Release|Any CPU.Build.0 = Release|Any CPU
		{BB4D8FFF-AFBE-447E-B22F-1B77DF00927E}.Debug|Any CPU.ActiveCfg = Debug|Any CPU
		{BB4D8FFF-AFBE-447E-B22F-1B77DF00927E}.Debug|Any CPU.Build.0 = Debug|Any CPU
		{BB4D8FFF-AFBE-447E-B22F-1B77DF00927E}.Release|Any CPU.ActiveCfg = Release|Any CPU
		{BB4D8FFF-AFBE-447E-B22F-1B77DF00927E}.Release|Any CPU.Build.0 = Release|Any CPU
		{3949573A-D362-4BCB-9D1A-DCD013F88932}.Debug|Any CPU.ActiveCfg = Debug|Any CPU
		{3949573A-D362-4BCB-9D1A-DCD013F88932}.Debug|Any CPU.Build.0 = Debug|Any CPU
		{3949573A-D362-4BCB-9D1A-DCD013F88932}.Release|Any CPU.ActiveCfg = Release|Any CPU
		{3949573A-D362-4BCB-9D1A-DCD013F88932}.Release|Any CPU.Build.0 = Release|Any CPU
		{48849461-6971-4B2B-8FC6-FBDD3E8ADBFA}.Debug|Any CPU.ActiveCfg = Debug|Any CPU
		{48849461-6971-4B2B-8FC6-FBDD3E8ADBFA}.Debug|Any CPU.Build.0 = Debug|Any CPU
		{48849461-6971-4B2B-8FC6-FBDD3E8ADBFA}.Release|Any CPU.ActiveCfg = Release|Any CPU
		{48849461-6971-4B2B-8FC6-FBDD3E8ADBFA}.Release|Any CPU.Build.0 = Release|Any CPU
		{A0689BDF-D08B-4936-B593-AED21F1A08DC}.Debug|Any CPU.ActiveCfg = Debug|Any CPU
		{A0689BDF-D08B-4936-B593-AED21F1A08DC}.Debug|Any CPU.Build.0 = Debug|Any CPU
		{A0689BDF-D08B-4936-B593-AED21F1A08DC}.Release|Any CPU.ActiveCfg = Release|Any CPU
		{A0689BDF-D08B-4936-B593-AED21F1A08DC}.Release|Any CPU.Build.0 = Release|Any CPU
		{422E4737-EEF8-496C-BA73-6453695BBD82}.Debug|Any CPU.ActiveCfg = Debug|Any CPU
		{422E4737-EEF8-496C-BA73-6453695BBD82}.Debug|Any CPU.Build.0 = Debug|Any CPU
		{422E4737-EEF8-496C-BA73-6453695BBD82}.Release|Any CPU.ActiveCfg = Release|Any CPU
		{422E4737-EEF8-496C-BA73-6453695BBD82}.Release|Any CPU.Build.0 = Release|Any CPU
		{CE6F15F2-6A74-419E-8C1F-BF82D2E22860}.Debug|Any CPU.ActiveCfg = Debug|Any CPU
		{CE6F15F2-6A74-419E-8C1F-BF82D2E22860}.Debug|Any CPU.Build.0 = Debug|Any CPU
		{CE6F15F2-6A74-419E-8C1F-BF82D2E22860}.Release|Any CPU.ActiveCfg = Release|Any CPU
		{CE6F15F2-6A74-419E-8C1F-BF82D2E22860}.Release|Any CPU.Build.0 = Release|Any CPU
		{E5E54D34-C719-4A56-BB5C-7238AEBE546C}.Debug|Any CPU.ActiveCfg = Debug|Any CPU
		{E5E54D34-C719-4A56-BB5C-7238AEBE546C}.Debug|Any CPU.Build.0 = Debug|Any CPU
		{E5E54D34-C719-4A56-BB5C-7238AEBE546C}.Release|Any CPU.ActiveCfg = Release|Any CPU
		{E5E54D34-C719-4A56-BB5C-7238AEBE546C}.Release|Any CPU.Build.0 = Release|Any CPU
		{B88B2D82-75F3-4CBA-AD31-40D3B6059F3D}.Debug|Any CPU.ActiveCfg = Debug|Any CPU
		{B88B2D82-75F3-4CBA-AD31-40D3B6059F3D}.Debug|Any CPU.Build.0 = Debug|Any CPU
		{B88B2D82-75F3-4CBA-AD31-40D3B6059F3D}.Release|Any CPU.ActiveCfg = Release|Any CPU
		{B88B2D82-75F3-4CBA-AD31-40D3B6059F3D}.Release|Any CPU.Build.0 = Release|Any CPU
	EndGlobalSection
	GlobalSection(SolutionProperties) = preSolution
		HideSolutionNode = FALSE
	EndGlobalSection
	GlobalSection(NestedProjects) = preSolution
		{3D2EFE61-E7AE-4765-9341-DB7D56FA5B26} = {68DE191B-C371-4BF7-8873-9BC3E3089FCA}
		{D089F776-B54C-4E4C-A1A1-642FFEBC9DA0} = {9E95872C-45A7-4359-8DA9-6EFFAFF0B253}
		{E0C684EB-4D0F-4B6B-985F-F6264BC47C6E} = {9E95872C-45A7-4359-8DA9-6EFFAFF0B253}
		{6B7DE0D7-A94E-462F-BE95-27E63968F8B8} = {68DE191B-C371-4BF7-8873-9BC3E3089FCA}
		{48BCEB5B-0243-49F4-84C5-F469E2D2658E} = {9E95872C-45A7-4359-8DA9-6EFFAFF0B253}
		{3F4BA9BC-B5C4-4C99-9602-8525683304D0} = {68DE191B-C371-4BF7-8873-9BC3E3089FCA}
		{89575B58-69F2-4FBB-A42A-BF5F9FCFC2B1} = {6E430363-B19F-452C-8AAC-95F84C296C84}
		{F05990C0-A6D7-4F7B-9D1E-E82EBF308973} = {9E95872C-45A7-4359-8DA9-6EFFAFF0B253}
		{63825A91-8FB1-4757-B6A0-E3B3ABDF64A8} = {68DE191B-C371-4BF7-8873-9BC3E3089FCA}
		{BBD8FFBF-28E9-4787-9AED-B35A992A426E} = {6E430363-B19F-452C-8AAC-95F84C296C84}
		{BB4D8FFF-AFBE-447E-B22F-1B77DF00927E} = {6E430363-B19F-452C-8AAC-95F84C296C84}
		{3949573A-D362-4BCB-9D1A-DCD013F88932} = {6E430363-B19F-452C-8AAC-95F84C296C84}
		{48849461-6971-4B2B-8FC6-FBDD3E8ADBFA} = {6E430363-B19F-452C-8AAC-95F84C296C84}
		{A0689BDF-D08B-4936-B593-AED21F1A08DC} = {6E430363-B19F-452C-8AAC-95F84C296C84}
		{422E4737-EEF8-496C-BA73-6453695BBD82} = {68DE191B-C371-4BF7-8873-9BC3E3089FCA}
		{CE6F15F2-6A74-419E-8C1F-BF82D2E22860} = {6E430363-B19F-452C-8AAC-95F84C296C84}
		{E5E54D34-C719-4A56-BB5C-7238AEBE546C} = {0123D06F-EBCB-4B8D-A773-CFF27C9E59FB}
		{B88B2D82-75F3-4CBA-AD31-40D3B6059F3D} = {9E95872C-45A7-4359-8DA9-6EFFAFF0B253}
	EndGlobalSection
	GlobalSection(ExtensibilityGlobals) = postSolution
		SolutionGuid = {D73078B6-F330-412D-8DC3-174805D4703B}
	EndGlobalSection
EndGlobal
